
Microsoft Visual Studio Solution File, Format Version 12.00
# Visual Studio Version 17
VisualStudioVersion = 17.1.32414.318
MinimumVisualStudioVersion = 10.0.40219.1
Project("{9A19103F-16F7-4668-BE54-9A1E7A4F7556}") = "lab6", "lab6\lab6.csproj", "{7359EB1F-3EAE-456B-82FF-5134C78E8621}"
EndProject
Project("{FAE04EC0-301F-11D3-BF4B-00C04F79EFBC}") = "BinaryFileReader", "BinaryFileReader\BinaryFileReader.csproj", "{F423CD78-2C0A-4F22-AE0B-91304E4B6C58}"
EndProject
Global
	GlobalSection(SolutionConfigurationPlatforms) = preSolution
		Debug|Any CPU = Debug|Any CPU
		Release|Any CPU = Release|Any CPU
	EndGlobalSection
	GlobalSection(ProjectConfigurationPlatforms) = postSolution
		{7359EB1F-3EAE-456B-82FF-5134C78E8621}.Debug|Any CPU.ActiveCfg = Debug|Any CPU
		{7359EB1F-3EAE-456B-82FF-5134C78E8621}.Debug|Any CPU.Build.0 = Debug|Any CPU
		{7359EB1F-3EAE-456B-82FF-5134C78E8621}.Release|Any CPU.ActiveCfg = Release|Any CPU
		{7359EB1F-3EAE-456B-82FF-5134C78E8621}.Release|Any CPU.Build.0 = Release|Any CPU
		{F423CD78-2C0A-4F22-AE0B-91304E4B6C58}.Debug|Any CPU.ActiveCfg = Debug|Any CPU
		{F423CD78-2C0A-4F22-AE0B-91304E4B6C58}.Debug|Any CPU.Build.0 = Debug|Any CPU
		{F423CD78-2C0A-4F22-AE0B-91304E4B6C58}.Release|Any CPU.ActiveCfg = Release|Any CPU
		{F423CD78-2C0A-4F22-AE0B-91304E4B6C58}.Release|Any CPU.Build.0 = Release|Any CPU
	EndGlobalSection
	GlobalSection(SolutionProperties) = preSolution
		HideSolutionNode = FALSE
	EndGlobalSection
	GlobalSection(ExtensibilityGlobals) = postSolution
		SolutionGuid = {FEA0BA97-1E91-4C90-BDDB-D65978046F3A}
	EndGlobalSection
EndGlobal
